// !$*UTF8*$!
{
	archiveVersion = 1;
	classes = {
	};
	objectVersion = 46;
	objects = {

/* Begin PBXBuildFile section */
		374318591B23605C0027C2FF /* AppDelegate.swift in Sources */ = {isa = PBXBuildFile; fileRef = 374318581B23605C0027C2FF /* AppDelegate.swift */; };
		3743185B1B23605C0027C2FF /* ViewController.swift in Sources */ = {isa = PBXBuildFile; fileRef = 3743185A1B23605C0027C2FF /* ViewController.swift */; };
		3743185E1B23605C0027C2FF /* Main.storyboard in Resources */ = {isa = PBXBuildFile; fileRef = 3743185C1B23605C0027C2FF /* Main.storyboard */; };
		374318601B23605C0027C2FF /* Images.xcassets in Resources */ = {isa = PBXBuildFile; fileRef = 3743185F1B23605C0027C2FF /* Images.xcassets */; };
		374318631B23605C0027C2FF /* LaunchScreen.xib in Resources */ = {isa = PBXBuildFile; fileRef = 374318611B23605C0027C2FF /* LaunchScreen.xib */; };
		3743186F1B23605D0027C2FF /* Scavenger_HuntTests.swift in Sources */ = {isa = PBXBuildFile; fileRef = 3743186E1B23605D0027C2FF /* Scavenger_HuntTests.swift */; };
/* End PBXBuildFile section */

/* Begin PBXContainerItemProxy section */
		374318691B23605D0027C2FF /* PBXContainerItemProxy */ = {
			isa = PBXContainerItemProxy;
			containerPortal = 3743184B1B23605C0027C2FF /* Project object */;
			proxyType = 1;
			remoteGlobalIDString = 374318521B23605C0027C2FF;
			remoteInfo = "Scavenger Hunt";
		};
/* End PBXContainerItemProxy section */

/* Begin PBXFileReference section */
		374318531B23605C0027C2FF /* Scavenger Hunt.app */ = {isa = PBXFileReference; explicitFileType = wrapper.application; includeInIndex = 0; path = "Scavenger Hunt.app"; sourceTree = BUILT_PRODUCTS_DIR; };
		374318571B23605C0027C2FF /* Info.plist */ = {isa = PBXFileReference; lastKnownFileType = text.plist.xml; path = Info.plist; sourceTree = "<group>"; };
		374318581B23605C0027C2FF /* AppDelegate.swift */ = {isa = PBXFileReference; lastKnownFileType = sourcecode.swift; path = AppDelegate.swift; sourceTree = "<group>"; };
		3743185A1B23605C0027C2FF /* ViewController.swift */ = {isa = PBXFileReference; lastKnownFileType = sourcecode.swift; path = ViewController.swift; sourceTree = "<group>"; };
		3743185D1B23605C0027C2FF /* Base */ = {isa = PBXFileReference; lastKnownFileType = file.storyboard; name = Base; path = Base.lproj/Main.storyboard; sourceTree = "<group>"; };
		3743185F1B23605C0027C2FF /* Images.xcassets */ = {isa = PBXFileReference; lastKnownFileType = folder.assetcatalog; path = Images.xcassets; sourceTree = "<group>"; };
		374318621B23605C0027C2FF /* Base */ = {isa = PBXFileReference; lastKnownFileType = file.xib; name = Base; path = Base.lproj/LaunchScreen.xib; sourceTree = "<group>"; };
		374318681B23605D0027C2FF /* Scavenger HuntTests.xctest */ = {isa = PBXFileReference; explicitFileType = wrapper.cfbundle; includeInIndex = 0; path = "Scavenger HuntTests.xctest"; sourceTree = BUILT_PRODUCTS_DIR; };
		3743186D1B23605D0027C2FF /* Info.plist */ = {isa = PBXFileReference; lastKnownFileType = text.plist.xml; path = Info.plist; sourceTree = "<group>"; };
		3743186E1B23605D0027C2FF /* Scavenger_HuntTests.swift */ = {isa = PBXFileReference; lastKnownFileType = sourcecode.swift; path = Scavenger_HuntTests.swift; sourceTree = "<group>"; };
/* End PBXFileReference section */

/* Begin PBXFrameworksBuildPhase section */
		374318501B23605C0027C2FF /* Frameworks */ = {
			isa = PBXFrameworksBuildPhase;
			buildActionMask = 2147483647;
			files = (
			);
			runOnlyForDeploymentPostprocessing = 0;
		};
		374318651B23605D0027C2FF /* Frameworks */ = {
			isa = PBXFrameworksBuildPhase;
			buildActionMask = 2147483647;
			files = (
			);
			runOnlyForDeploymentPostprocessing = 0;
		};
/* End PBXFrameworksBuildPhase section */

/* Begin PBXGroup section */
		3743184A1B23605C0027C2FF = {
			isa = PBXGroup;
			children = (
				374318551B23605C0027C2FF /* Scavenger Hunt */,
				3743186B1B23605D0027C2FF /* Scavenger HuntTests */,
				374318541B23605C0027C2FF /* Products */,
			);
			sourceTree = "<group>";
		};
		374318541B23605C0027C2FF /* Products */ = {
			isa = PBXGroup;
			children = (
				374318531B23605C0027C2FF /* Scavenger Hunt.app */,
				374318681B23605D0027C2FF /* Scavenger HuntTests.xctest */,
			);
			name = Products;
			sourceTree = "<group>";
		};
		374318551B23605C0027C2FF /* Scavenger Hunt */ = {
			isa = PBXGroup;
			children = (
				374318581B23605C0027C2FF /* AppDelegate.swift */,
				3743185A1B23605C0027C2FF /* ViewController.swift */,
				3743185C1B23605C0027C2FF /* Main.storyboard */,
				3743185F1B23605C0027C2FF /* Images.xcassets */,
				374318611B23605C0027C2FF /* LaunchScreen.xib */,
				374318561B23605C0027C2FF /* Supporting Files */,
			);
			path = "Scavenger Hunt";
			sourceTree = "<group>";
		};
		374318561B23605C0027C2FF /* Supporting Files */ = {
			isa = PBXGroup;
			children = (
				374318571B23605C0027C2FF /* Info.plist */,
			);
			name = "Supporting Files";
			sourceTree = "<group>";
		};
		3743186B1B23605D0027C2FF /* Scavenger HuntTests */ = {
			isa = PBXGroup;
			children = (
				3743186E1B23605D0027C2FF /* Scavenger_HuntTests.swift */,
				3743186C1B23605D0027C2FF /* Supporting Files */,
			);
			path = "Scavenger HuntTests";
			sourceTree = "<group>";
		};
		3743186C1B23605D0027C2FF /* Supporting Files */ = {
			isa = PBXGroup;
			children = (
				3743186D1B23605D0027C2FF /* Info.plist */,
			);
			name = "Supporting Files";
			sourceTree = "<group>";
		};
/* End PBXGroup section */

/* Begin PBXNativeTarget section */
		374318521B23605C0027C2FF /* Scavenger Hunt */ = {
			isa = PBXNativeTarget;
			buildConfigurationList = 374318721B23605D0027C2FF /* Build configuration list for PBXNativeTarget "Scavenger Hunt" */;
			buildPhases = (
				3743184F1B23605C0027C2FF /* Sources */,
				374318501B23605C0027C2FF /* Frameworks */,
				374318511B23605C0027C2FF /* Resources */,
			);
			buildRules = (
			);
			dependencies = (
			);
			name = "Scavenger Hunt";
			productName = "Scavenger Hunt";
			productReference = 374318531B23605C0027C2FF /* Scavenger Hunt.app */;
			productType = "com.apple.product-type.application";
		};
		374318671B23605D0027C2FF /* Scavenger HuntTests */ = {
			isa = PBXNativeTarget;
			buildConfigurationList = 374318751B23605D0027C2FF /* Build configuration list for PBXNativeTarget "Scavenger HuntTests" */;
			buildPhases = (
				374318641B23605D0027C2FF /* Sources */,
				374318651B23605D0027C2FF /* Frameworks */,
				374318661B23605D0027C2FF /* Resources */,
			);
			buildRules = (
			);
			dependencies = (
				3743186A1B23605D0027C2FF /* PBXTargetDependency */,
			);
			name = "Scavenger HuntTests";
			productName = "Scavenger HuntTests";
			productReference = 374318681B23605D0027C2FF /* Scavenger HuntTests.xctest */;
			productType = "com.apple.product-type.bundle.unit-test";
		};
/* End PBXNativeTarget section */

/* Begin PBXProject section */
		3743184B1B23605C0027C2FF /* Project object */ = {
			isa = PBXProject;
			attributes = {
				LastUpgradeCheck = 0630;
				ORGANIZATIONNAME = "Preston D. McGee Jr";
				TargetAttributes = {
					374318521B23605C0027C2FF = {
						CreatedOnToolsVersion = 6.3.2;
					};
					374318671B23605D0027C2FF = {
						CreatedOnToolsVersion = 6.3.2;
						TestTargetID = 374318521B23605C0027C2FF;
					};
				};
			};
			buildConfigurationList = 3743184E1B23605C0027C2FF /* Build configuration list for PBXProject "Scavenger Hunt" */;
			compatibilityVersion = "Xcode 3.2";
			developmentRegion = English;
			hasScannedForEncodings = 0;
			knownRegions = (
				en,
				Base,
			);
			mainGroup = 3743184A1B23605C0027C2FF;
			productRefGroup = 374318541B23605C0027C2FF /* Products */;
			projectDirPath = "";
			projectRoot = "";
			targets = (
				374318521B23605C0027C2FF /* Scavenger Hunt */,
				374318671B23605D0027C2FF /* Scavenger HuntTests */,
			);
		};
/* End PBXProject section */

/* Begin PBXResourcesBuildPhase section */
		374318511B23605C0027C2FF /* Resources */ = {
			isa = PBXResourcesBuildPhase;
			buildActionMask = 2147483647;
			files = (
				3743185E1B23605C0027C2FF /* Main.storyboard in Resources */,
				374318631B23605C0027C2FF /* LaunchScreen.xib in Resources */,
				374318601B23605C0027C2FF /* Images.xcassets in Resources */,
			);
			runOnlyForDeploymentPostprocessing = 0;
		};
		374318661B23605D0027C2FF /* Resources */ = {
			isa = PBXResourcesBuildPhase;
			buildActionMask = 2147483647;
			files = (
			);
			runOnlyForDeploymentPostprocessing = 0;
		};
/* End PBXResourcesBuildPhase section */

/* Begin PBXSourcesBuildPhase section */
		3743184F1B23605C0027C2FF /* Sources */ = {
			isa = PBXSourcesBuildPhase;
			buildActionMask = 2147483647;
			files = (
				3743185B1B23605C0027C2FF /* ViewController.swift in Sources */,
				374318591B23605C0027C2FF /* AppDelegate.swift in Sources */,
			);
			runOnlyForDeploymentPostprocessing = 0;
		};
		374318641B23605D0027C2FF /* Sources */ = {
			isa = PBXSourcesBuildPhase;
			buildActionMask = 2147483647;
			files = (
				3743186F1B23605D0027C2FF /* Scavenger_HuntTests.swift in Sources */,
			);
			runOnlyForDeploymentPostprocessing = 0;
		};
/* End PBXSourcesBuildPhase section */

/* Begin PBXTargetDependency section */
		3743186A1B23605D0027C2FF /* PBXTargetDependency */ = {
			isa = PBXTargetDependency;
			target = 374318521B23605C0027C2FF /* Scavenger Hunt */;
			targetProxy = 374318691B23605D0027C2FF /* PBXContainerItemProxy */;
		};
/* End PBXTargetDependency section */

/* Begin PBXVariantGroup section */
		3743185C1B23605C0027C2FF /* Main.storyboard */ = {
			isa = PBXVariantGroup;
			children = (
				3743185D1B23605C0027C2FF /* Base */,
			);
			name = Main.storyboard;
			sourceTree = "<group>";
		};
		374318611B23605C0027C2FF /* LaunchScreen.xib */ = {
			isa = PBXVariantGroup;
			children = (
				374318621B23605C0027C2FF /* Base */,
			);
			name = LaunchScreen.xib;
			sourceTree = "<group>";
		};
/* End PBXVariantGroup section */

/* Begin XCBuildConfiguration section */
		374318701B23605D0027C2FF /* Debug */ = {
			isa = XCBuildConfiguration;
			buildSettings = {
				ALWAYS_SEARCH_USER_PATHS = NO;
				CLANG_CXX_LANGUAGE_STANDARD = "gnu++0x";
				CLANG_CXX_LIBRARY = "libc++";
				CLANG_ENABLE_MODULES = YES;
				CLANG_ENABLE_OBJC_ARC = YES;
				CLANG_WARN_BOOL_CONVERSION = YES;
				CLANG_WARN_CONSTANT_CONVERSION = YES;
				CLANG_WARN_DIRECT_OBJC_ISA_USAGE = YES_ERROR;
				CLANG_WARN_EMPTY_BODY = YES;
				CLANG_WARN_ENUM_CONVERSION = YES;
				CLANG_WARN_INT_CONVERSION = YES;
				CLANG_WARN_OBJC_ROOT_CLASS = YES_ERROR;
				CLANG_WARN_UNREACHABLE_CODE = YES;
				CLANG_WARN__DUPLICATE_METHOD_MATCH = YES;
				"CODE_SIGN_IDENTITY[sdk=iphoneos*]" = "iPhone Developer";
				COPY_PHASE_STRIP = NO;
				DEBUG_INFORMATION_FORMAT = "dwarf-with-dsym";
				ENABLE_STRICT_OBJC_MSGSEND = YES;
				GCC_C_LANGUAGE_STANDARD = gnu99;
				GCC_DYNAMIC_NO_PIC = NO;
				GCC_NO_COMMON_BLOCKS = YES;
				GCC_OPTIMIZATION_LEVEL = 0;
				GCC_PREPROCESSOR_DEFINITIONS = (
					"DEBUG=1",
					"$(inherited)",
				);
				GCC_SYMBOLS_PRIVATE_EXTERN = NO;
				GCC_WARN_64_TO_32_BIT_CONVERSION = YES;
				GCC_WARN_ABOUT_RETURN_TYPE = YES_ERROR;
				GCC_WARN_UNDECLARED_SELECTOR = YES;
				GCC_WARN_UNINITIALIZED_AUTOS = YES_AGGRESSIVE;
				GCC_WARN_UNUSED_FUNCTION = YES;
				GCC_WARN_UNUSED_VARIABLE = YES;
				IPHONEOS_DEPLOYMENT_TARGET = 8.3;
				MTL_ENABLE_DEBUG_INFO = YES;
				ONLY_ACTIVE_ARCH = YES;
				SDKROOT = iphoneos;
				SWIFT_OPTIMIZATION_LEVEL = "-Onone";
				TARGETED_DEVICE_FAMILY = "1,2";
			};
			name = Debug;
		};
		374318711B23605D0027C2FF /* Release */ = {
			isa = XCBuildConfiguration;
			buildSettings = {
				ALWAYS_SEARCH_USER_PATHS = NO;
				CLANG_CXX_LANGUAGE_STANDARD = "gnu++0x";
				CLANG_CXX_LIBRARY = "libc++";
				CLANG_ENABLE_MODULES = YES;
				CLANG_ENABLE_OBJC_ARC = YES;
				CLANG_WARN_BOOL_CONVERSION = YES;
				CLANG_WARN_CONSTANT_CONVERSION = YES;
				CLANG_WARN_DIRECT_OBJC_ISA_USAGE = YES_ERROR;
				CLANG_WARN_EMPTY_BODY = YES;
				CLANG_WARN_ENUM_CONVERSION = YES;
				CLANG_WARN_INT_CONVERSION = YES;
				CLANG_WARN_OBJC_ROOT_CLASS = YES_ERROR;
				CLANG_WARN_UNREACHABLE_CODE = YES;
				CLANG_WARN__DUPLICATE_METHOD_MATCH = YES;
				"CODE_SIGN_IDENTITY[sdk=iphoneos*]" = "iPhone Developer";
				COPY_PHASE_STRIP = NO;
				DEBUG_INFORMATION_FORMAT = "dwarf-with-dsym";
				ENABLE_NS_ASSERTIONS = NO;
				ENABLE_STRICT_OBJC_MSGSEND = YES;
				GCC_C_LANGUAGE_STANDARD = gnu99;
				GCC_NO_COMMON_BLOCKS = YES;
				GCC_WARN_64_TO_32_BIT_CONVERSION = YES;
				GCC_WARN_ABOUT_RETURN_TYPE = YES_ERROR;
				GCC_WARN_UNDECLARED_SELECTOR = YES;
				GCC_WARN_UNINITIALIZED_AUTOS = YES_AGGRESSIVE;
				GCC_WARN_UNUSED_FUNCTION = YES;
				GCC_WARN_UNUSED_VARIABLE = YES;
				IPHONEOS_DEPLOYMENT_TARGET = 8.3;
				MTL_ENABLE_DEBUG_INFO = NO;
				SDKROOT = iphoneos;
				TARGETED_DEVICE_FAMILY = "1,2";
				VALIDATE_PRODUCT = YES;
			};
			name = Release;
		};
		374318731B23605D0027C2FF /* Debug */ = {
			isa = XCBuildConfiguration;
			buildSettings = {
				ASSETCATALOG_COMPILER_APPICON_NAME = AppIcon;
				INFOPLIST_FILE = "Scavenger Hunt/Info.plist";
				LD_RUNPATH_SEARCH_PATHS = "$(inherited) @executable_path/Frameworks";
				PRODUCT_NAME = "$(TARGET_NAME)";
			};
			name = Debug;
		};
		374318741B23605D0027C2FF /* Release */ = {
			isa = XCBuildConfiguration;
			buildSettings = {
				ASSETCATALOG_COMPILER_APPICON_NAME = AppIcon;
				INFOPLIST_FILE = "Scavenger Hunt/Info.plist";
				LD_RUNPATH_SEARCH_PATHS = "$(inherited) @executable_path/Frameworks";
				PRODUCT_NAME = "$(TARGET_NAME)";
			};
			name = Release;
		};
		374318761B23605D0027C2FF /* Debug */ = {
			isa = XCBuildConfiguration;
			buildSettings = {
				BUNDLE_LOADER = "$(TEST_HOST)";
				FRAMEWORK_SEARCH_PATHS = (
					"$(SDKROOT)/Developer/Library/Frameworks",
					"$(inherited)",
				);
				GCC_PREPROCESSOR_DEFINITIONS = (
					"DEBUG=1",
					"$(inherited)",
				);
				INFOPLIST_FILE = "Scavenger HuntTests/Info.plist";
				LD_RUNPATH_SEARCH_PATHS = "$(inherited) @executable_path/Frameworks @loader_path/Frameworks";
				PRODUCT_NAME = "$(TARGET_NAME)";
				TEST_HOST = "$(BUILT_PRODUCTS_DIR)/Scavenger Hunt.app/Scavenger Hunt";
			};
			name = Debug;
		};
		374318771B23605D0027C2FF /* Release */ = {
			isa = XCBuildConfiguration;
			buildSettings = {
				BUNDLE_LOADER = "$(TEST_HOST)";
				FRAMEWORK_SEARCH_PATHS = (
					"$(SDKROOT)/Developer/Library/Frameworks",
					"$(inherited)",
				);
				INFOPLIST_FILE = "Scavenger HuntTests/Info.plist";
				LD_RUNPATH_SEARCH_PATHS = "$(inherited) @executable_path/Frameworks @loader_path/Frameworks";
				PRODUCT_NAME = "$(TARGET_NAME)";
				TEST_HOST = "$(BUILT_PRODUCTS_DIR)/Scavenger Hunt.app/Scavenger Hunt";
			};
			name = Release;
		};
/* End XCBuildConfiguration section */

/* Begin XCConfigurationList section */
		3743184E1B23605C0027C2FF /* Build configuration list for PBXProject "Scavenger Hunt" */ = {
			isa = XCConfigurationList;
			buildConfigurations = (
				374318701B23605D0027C2FF /* Debug */,
				374318711B23605D0027C2FF /* Release */,
			);
			defaultConfigurationIsVisible = 0;
			defaultConfigurationName = Release;
		};
		374318721B23605D0027C2FF /* Build configuration list for PBXNativeTarget "Scavenger Hunt" */ = {
			isa = XCConfigurationList;
			buildConfigurations = (
				374318731B23605D0027C2FF /* Debug */,
				374318741B23605D0027C2FF /* Release */,
			);
			defaultConfigurationIsVisible = 0;
		};
		374318751B23605D0027C2FF /* Build configuration list for PBXNativeTarget "Scavenger HuntTests" */ = {
			isa = XCConfigurationList;
			buildConfigurations = (
				374318761B23605D0027C2FF /* Debug */,
				374318771B23605D0027C2FF /* Release */,
			);
			defaultConfigurationIsVisible = 0;
		};
/* End XCConfigurationList section */
	};
	rootObject = 3743184B1B23605C0027C2FF /* Project object */;
}
